
Microsoft Visual Studio Solution File, Format Version 12.00
# Visual Studio Version 17
VisualStudioVersion = 17.7.34018.315
MinimumVisualStudioVersion = 10.0.40219.1
Project("{FAE04EC0-301F-11D3-BF4B-00C04F79EFBC}") = "uppgift 5.3 E", "uppgift 5.3 E\uppgift 5.3 E.csproj", "{5FB5382E-6F6E-49A4-B603-361E263D6CB3}"
EndProject
Global
	GlobalSection(SolutionConfigurationPlatforms) = preSolution
		Debug|Any CPU = Debug|Any CPU
		Release|Any CPU = Release|Any CPU
	EndGlobalSection
	GlobalSection(ProjectConfigurationPlatforms) = postSolution
		{5FB5382E-6F6E-49A4-B603-361E263D6CB3}.Debug|Any CPU.ActiveCfg = Debug|Any CPU
		{5FB5382E-6F6E-49A4-B603-361E263D6CB3}.Debug|Any CPU.Build.0 = Debug|Any CPU
		{5FB5382E-6F6E-49A4-B603-361E263D6CB3}.Release|Any CPU.ActiveCfg = Release|Any CPU
		{5FB5382E-6F6E-49A4-B603-361E263D6CB3}.Release|Any CPU.Build.0 = Release|Any CPU
	EndGlobalSection
	GlobalSection(SolutionProperties) = preSolution
		HideSolutionNode = FALSE
	EndGlobalSection
	GlobalSection(ExtensibilityGlobals) = postSolution
		SolutionGuid = {64C96040-A004-4ADA-988E-5CFA314A6264}
	EndGlobalSection
EndGlobal
